
Microsoft Visual Studio Solution File, Format Version 12.00
# Visual Studio 14
VisualStudioVersion = 14.0.25420.1
MinimumVisualStudioVersion = 10.0.40219.1
Project("{FAE04EC0-301F-11D3-BF4B-00C04F79EFBC}") = "OperatorServicesAPI", "OperatorServicesAPI\OperatorServicesAPI.csproj", "{2607B9C3-D712-4762-8CE6-E354BD0A994A}"
EndProject
Project("{FAE04EC0-301F-11D3-BF4B-00C04F79EFBC}") = "PaymentServicesAPI", "PaymentServicesAPI\PaymentServicesAPI.csproj", "{885DCB4A-3587-4A78-BDD7-5EAEDD230C60}"
EndProject
Project("{FAE04EC0-301F-11D3-BF4B-00C04F79EFBC}") = "PaymentApplication", "PaymentApplication\PaymentApplication.csproj", "{269CBC3F-C239-434A-B0F8-F34F5B2FEBF6}"
EndProject
Global
	GlobalSection(SolutionConfigurationPlatforms) = preSolution
		Debug|Any CPU = Debug|Any CPU
		Release|Any CPU = Release|Any CPU
	EndGlobalSection
	GlobalSection(ProjectConfigurationPlatforms) = postSolution
		{2607B9C3-D712-4762-8CE6-E354BD0A994A}.Debug|Any CPU.ActiveCfg = Debug|Any CPU
		{2607B9C3-D712-4762-8CE6-E354BD0A994A}.Debug|Any CPU.Build.0 = Debug|Any CPU
		{2607B9C3-D712-4762-8CE6-E354BD0A994A}.Release|Any CPU.ActiveCfg = Release|Any CPU
		{2607B9C3-D712-4762-8CE6-E354BD0A994A}.Release|Any CPU.Build.0 = Release|Any CPU
		{885DCB4A-3587-4A78-BDD7-5EAEDD230C60}.Debug|Any CPU.ActiveCfg = Debug|Any CPU
		{885DCB4A-3587-4A78-BDD7-5EAEDD230C60}.Debug|Any CPU.Build.0 = Debug|Any CPU
		{885DCB4A-3587-4A78-BDD7-5EAEDD230C60}.Release|Any CPU.ActiveCfg = Release|Any CPU
		{885DCB4A-3587-4A78-BDD7-5EAEDD230C60}.Release|Any CPU.Build.0 = Release|Any CPU
		{269CBC3F-C239-434A-B0F8-F34F5B2FEBF6}.Debug|Any CPU.ActiveCfg = Debug|Any CPU
		{269CBC3F-C239-434A-B0F8-F34F5B2FEBF6}.Debug|Any CPU.Build.0 = Debug|Any CPU
		{269CBC3F-C239-434A-B0F8-F34F5B2FEBF6}.Release|Any CPU.ActiveCfg = Release|Any CPU
		{269CBC3F-C239-434A-B0F8-F34F5B2FEBF6}.Release|Any CPU.Build.0 = Release|Any CPU
	EndGlobalSection
	GlobalSection(SolutionProperties) = preSolution
		HideSolutionNode = FALSE
	EndGlobalSection
EndGlobal
